schema: '2.0'
stages:
  data_ingestion:
    cmd: python src/data_ingestion.py
    deps:
    - path: src/data_ingestion.py
      hash: md5
      md5: 2046fc489fe4be85177520bcc4aa4b9d
      size: 3377
    params:
      params.yaml:
        data_ingestion.test_size: 0.1
    outs:
    - path: data/raw
      hash: md5
      md5: 9097e041a34df9054caed15688df1464.dir
      size: 484846
      nfiles: 2
  data_preprocessing:
    cmd: python src/data_preprocessing.py
    deps:
    - path: data/raw
      hash: md5
      md5: 9097e041a34df9054caed15688df1464.dir
      size: 484846
      nfiles: 2
    - path: src/data_preprocessing.py
      hash: md5
      md5: be9876336330987d418846fbfb0371f3
      size: 3914
    outs:
    - path: data/interim
      hash: md5
      md5: 372e18bfa771372d41b683bc64b32377.dir
      size: 257605
      nfiles: 2
  feature_engineering:
    cmd: python src/feature_engineering.py
    deps:
    - path: data/interim
      hash: md5
      md5: 372e18bfa771372d41b683bc64b32377.dir
      size: 257605
      nfiles: 2
    - path: src/feature_engineering.py
      hash: md5
      md5: 65f25e8dfb9c4e438b129b0bcccb7fae
      size: 3702
    params:
      params.yaml:
        feature_engineering.max_features: 30
    outs:
    - path: data/processed
      hash: md5
      md5: 490cf6695f1ddc3b7504c04ffc4c72f6.dir
      size: 714708
      nfiles: 2
  model_building:
    cmd: python src/model_building.py
    deps:
    - path: data/processed
      hash: md5
      md5: 490cf6695f1ddc3b7504c04ffc4c72f6.dir
      size: 714708
      nfiles: 2
    - path: src/model_building.py
      hash: md5
      md5: 8b59e0f064caa729bfa09a2cc7c5c1cd
      size: 4396
    params:
      params.yaml:
        model_building.n_estimators: 25
        model_building.random_state: 2
    outs:
    - path: models/model.pkl
      hash: md5
      md5: 09750309eda07d190d6702c15c31f9fd
      size: 801476
  model_evaluation:
    cmd: python src/model_evaluation.py
    deps:
    - path: models/model.pkl
      hash: md5
      md5: 09750309eda07d190d6702c15c31f9fd
      size: 801476
    - path: src/model_evaluation.py
      hash: md5
      md5: 4c1db587064fae1a247b8b792473c934
      size: 4365
    outs:
    - path: reports/metrics.json
      hash: md5
      md5: a05a20ee26864e89799b7da357dcb960
      size: 145
